Microsoft Visual Studio Solution File, Format Version 11.00
# Visual Studio 2008

Project("{5432D45E-15C2-734C-8D1C-A4E56831A2CF}") = "Lab8_Project", "Assembly-CSharp.csproj", "{D05800F9-6EBD-92D4-34C0-79C4AFCBE4A3}"
EndProject
Project("{5432D45E-15C2-734C-8D1C-A4E56831A2CF}") = "Lab8_Project", "Assembly-CSharp-Editor.csproj", "{937C103F-3AC0-DE58-27A5-724E5DCA112D}"
EndProject
Global
	GlobalSection(SolutionConfigurationPlatforms) = preSolution
		Debug|Any CPU = Debug|Any CPU
		Release|Any CPU = Release|Any CPU
	EndGlobalSection
	GlobalSection(ProjectConfigurationPlatforms) = postSolution
		{D05800F9-6EBD-92D4-34C0-79C4AFCBE4A3}.Debug|Any CPU.ActiveCfg = Debug|Any CPU
		{D05800F9-6EBD-92D4-34C0-79C4AFCBE4A3}.Debug|Any CPU.Build.0 = Debug|Any CPU
		{D05800F9-6EBD-92D4-34C0-79C4AFCBE4A3}.Release|Any CPU.ActiveCfg = Release|Any CPU
		{D05800F9-6EBD-92D4-34C0-79C4AFCBE4A3}.Release|Any CPU.Build.0 = Release|Any CPU
		{937C103F-3AC0-DE58-27A5-724E5DCA112D}.Debug|Any CPU.ActiveCfg = Debug|Any CPU
		{937C103F-3AC0-DE58-27A5-724E5DCA112D}.Debug|Any CPU.Build.0 = Debug|Any CPU
		{937C103F-3AC0-DE58-27A5-724E5DCA112D}.Release|Any CPU.ActiveCfg = Release|Any CPU
		{937C103F-3AC0-DE58-27A5-724E5DCA112D}.Release|Any CPU.Build.0 = Release|Any CPU
	EndGlobalSection
	GlobalSection(SolutionProperties) = preSolution
		HideSolutionNode = FALSE
	EndGlobalSection
	GlobalSection(MonoDevelopProperties) = preSolution
		StartupItem = Assembly-CSharp.csproj
		Policies = $0
		$0.TextStylePolicy = $1
		$1.inheritsSet = null
		$1.scope = text/x-csharp
		$0.CSharpFormattingPolicy = $2
		$2.inheritsSet = Mono
		$2.inheritsScope = text/x-csharp
		$2.scope = text/x-csharp
		$0.TextStylePolicy = $3
		$3.FileWidth = 120
		$3.TabWidth = 4
		$3.IndentWidth = 4
		$3.EolMarker = Unix
		$3.inheritsSet = Mono
		$3.inheritsScope = text/plain
		$3.scope = text/plain
	EndGlobalSection
EndGlobal
